
Microsoft Visual Studio Solution File, Format Version 12.00
# Visual Studio Version 16
VisualStudioVersion = 16.0.30309.148
MinimumVisualStudioVersion = 10.0.40219.1
Project("{FAE04EC0-301F-11D3-BF4B-00C04F79EFBC}") = "LearnWPF", "LearnWPF\LearnWPF.csproj", "{E5297951-8EC0-46B6-A74A-742B42F2062D}"
EndProject
Project("{FAE04EC0-301F-11D3-BF4B-00C04F79EFBC}") = "Border1", "Border1\Border1.csproj", "{FEA9D129-741F-4A47-BC24-58B082FD4EAF}"
EndProject
Project("{FAE04EC0-301F-11D3-BF4B-00C04F79EFBC}") = "MasterDetails1", "MasterDetails1\MasterDetails1.csproj", "{3E90A5EF-1635-4A8A-B6A2-A87313DA0078}"
EndProject
Global
	GlobalSection(SolutionConfigurationPlatforms) = preSolution
		Debug|Any CPU = Debug|Any CPU
		Release|Any CPU = Release|Any CPU
	EndGlobalSection
	GlobalSection(ProjectConfigurationPlatforms) = postSolution
		{E5297951-8EC0-46B6-A74A-742B42F2062D}.Debug|Any CPU.ActiveCfg = Debug|Any CPU
		{E5297951-8EC0-46B6-A74A-742B42F2062D}.Debug|Any CPU.Build.0 = Debug|Any CPU
		{E5297951-8EC0-46B6-A74A-742B42F2062D}.Release|Any CPU.ActiveCfg = Release|Any CPU
		{E5297951-8EC0-46B6-A74A-742B42F2062D}.Release|Any CPU.Build.0 = Release|Any CPU
		{FEA9D129-741F-4A47-BC24-58B082FD4EAF}.Debug|Any CPU.ActiveCfg = Debug|Any CPU
		{FEA9D129-741F-4A47-BC24-58B082FD4EAF}.Debug|Any CPU.Build.0 = Debug|Any CPU
		{FEA9D129-741F-4A47-BC24-58B082FD4EAF}.Release|Any CPU.ActiveCfg = Release|Any CPU
		{FEA9D129-741F-4A47-BC24-58B082FD4EAF}.Release|Any CPU.Build.0 = Release|Any CPU
		{3E90A5EF-1635-4A8A-B6A2-A87313DA0078}.Debug|Any CPU.ActiveCfg = Debug|Any CPU
		{3E90A5EF-1635-4A8A-B6A2-A87313DA0078}.Debug|Any CPU.Build.0 = Debug|Any CPU
		{3E90A5EF-1635-4A8A-B6A2-A87313DA0078}.Release|Any CPU.ActiveCfg = Release|Any CPU
		{3E90A5EF-1635-4A8A-B6A2-A87313DA0078}.Release|Any CPU.Build.0 = Release|Any CPU
	EndGlobalSection
	GlobalSection(SolutionProperties) = preSolution
		HideSolutionNode = FALSE
	EndGlobalSection
	GlobalSection(ExtensibilityGlobals) = postSolution
		SolutionGuid = {89E69C6B-88F8-4E21-AD1A-02A002E5508A}
	EndGlobalSection
EndGlobal
